Microsoft Visual Studio Solution File, Format Version 12.00
# Visual Studio 2012
Project("{FAE04EC0-301F-11D3-BF4B-00C04F79EFBC}") = "Default Platformer", "Default Platformer.csproj", "{C2F8AFFE-F763-4413-A640-9EE090CE55EC}"
EndProject
Global
	GlobalSection(SolutionConfigurationPlatforms) = preSolution
	Debug|Any CPU = Debug|Any CPU
	ExportDebug|Any CPU = ExportDebug|Any CPU
	ExportRelease|Any CPU = ExportRelease|Any CPU
	EndGlobalSection
	GlobalSection(ProjectConfigurationPlatforms) = postSolution
		{C2F8AFFE-F763-4413-A640-9EE090CE55EC}.Debug|Any CPU.ActiveCfg = Debug|Any CPU
		{C2F8AFFE-F763-4413-A640-9EE090CE55EC}.Debug|Any CPU.Build.0 = Debug|Any CPU
		{C2F8AFFE-F763-4413-A640-9EE090CE55EC}.ExportDebug|Any CPU.ActiveCfg = ExportDebug|Any CPU
		{C2F8AFFE-F763-4413-A640-9EE090CE55EC}.ExportDebug|Any CPU.Build.0 = ExportDebug|Any CPU
		{C2F8AFFE-F763-4413-A640-9EE090CE55EC}.ExportRelease|Any CPU.ActiveCfg = ExportRelease|Any CPU
		{C2F8AFFE-F763-4413-A640-9EE090CE55EC}.ExportRelease|Any CPU.Build.0 = ExportRelease|Any CPU
	EndGlobalSection
EndGlobal
